
Microsoft Visual Studio Solution File, Format Version 12.00
# Visual Studio Version 17
VisualStudioVersion = 17.11.35017.193
MinimumVisualStudioVersion = 10.0.40219.1
Project("{FAE04EC0-301F-11D3-BF4B-00C04F79EFBC}") = "AzureAIWebApp", "AzureAIWebApp.csproj", "{C1648B06-7374-4EFD-9D2D-9247FA80488A}"
EndProject
Global
	GlobalSection(SolutionConfigurationPlatforms) = preSolution
		Debug|Any CPU = Debug|Any CPU
		Release|Any CPU = Release|Any CPU
	EndGlobalSection
	GlobalSection(ProjectConfigurationPlatforms) = postSolution
		{C1648B06-7374-4EFD-9D2D-9247FA80488A}.Debug|Any CPU.ActiveCfg = Debug|Any CPU
		{C1648B06-7374-4EFD-9D2D-9247FA80488A}.Debug|Any CPU.Build.0 = Debug|Any CPU
		{C1648B06-7374-4EFD-9D2D-9247FA80488A}.Release|Any CPU.ActiveCfg = Release|Any CPU
		{C1648B06-7374-4EFD-9D2D-9247FA80488A}.Release|Any CPU.Build.0 = Release|Any CPU
	EndGlobalSection
	GlobalSection(SolutionProperties) = preSolution
		HideSolutionNode = FALSE
	EndGlobalSection
	GlobalSection(ExtensibilityGlobals) = postSolution
		SolutionGuid = {0A4B4323-97C9-4D24-A2C6-28804D060F3D}
	EndGlobalSection
EndGlobal
